{
  "nodes": {
    "flake-utils": {
      "inputs": {
        "systems": "systems"
      },
      "locked": {
        "lastModified": 1687709756,
        "narHash": "sha256-Y5wKlQSkgEK2weWdOu4J3riRd+kV/VCgHsqLNTTWQ/0=",
        "owner": "numtide",
        "repo": "flake-utils",
        "rev": "dbabf0ca0c0c4bce6ea5eaf65af5cb694d2082c7",
        "type": "github"
      },
      "original": {
        "owner": "numtide",
        "repo": "flake-utils",
        "type": "github"
      }
    },
    "nix-filter": {
      "locked": {
        "lastModified": 1687178632,
        "narHash": "sha256-HS7YR5erss0JCaUijPeyg2XrisEb959FIct3n2TMGbE=",
        "owner": "numtide",
        "repo": "nix-filter",
        "rev": "d90c75e8319d0dd9be67d933d8eb9d0894ec9174",
        "type": "github"
      },
      "original": {
        "owner": "numtide",
        "repo": "nix-filter",
        "type": "github"
      }
    },
    "nixpkgs": {
      "locked": {
        "lastModified": 1687681650,
        "narHash": "sha256-M2If+gRcfpmaJy/XbfSsRzLlPpoU4nr0NHnKKl50fd8=",
        "path": "/nix/store/pc89i62sxfxrimyy7rhn61gz0bd6699w-source",
        "rev": "1c9db9710cb23d60570ad4d7ab829c2d34403de3",
        "type": "path"
      },
      "original": {
        "id": "nixpkgs",
        "type": "indirect"
      }
    },
    "qwlroots": {
      "inputs": {
        "flake-utils": [
          "flake-utils"
        ],
        "nix-filter": [
          "nix-filter"
        ],
        "nixpkgs": [
          "nixpkgs"
        ],
        "wlroots-unstable": "wlroots-unstable"
      },
      "locked": {
        "lastModified": 1688527796,
        "narHash": "sha256-OEeyhCFNayvGWQiXTYYABX0CFzpz3O5fZvB5NYxoE4g=",
        "owner": "vioken",
        "repo": "qwlroots",
        "rev": "f05ca0119ec42c70fb69cb895ec058a03f18545d",
        "type": "github"
      },
      "original": {
        "owner": "vioken",
        "repo": "qwlroots",
        "type": "github"
      }
    },
    "root": {
      "inputs": {
        "flake-utils": "flake-utils",
        "nix-filter": "nix-filter",
        "nixpkgs": "nixpkgs",
        "qwlroots": "qwlroots"
      }
    },
    "systems": {
      "locked": {
        "lastModified": 1681028828,
        "narHash": "sha256-Vy1rq5AaRuLzOxct8nz4T6wlgyUR7zLU309k9mBC768=",
        "owner": "nix-systems",
        "repo": "default",
        "rev": "da67096a3b9bf56a91d16901293e51ba5b49a27e",
        "type": "github"
      },
      "original": {
        "owner": "nix-systems",
        "repo": "default",
        "type": "github"
      }
    },
    "wlroots-unstable": {
      "flake": false,
      "locked": {
        "host": "gitlab.freedesktop.org",
        "lastModified": 1687547394,
        "narHash": "sha256-yYFlQsHD/TU0l6pS0t9tSHh7w+LFAUclJMpSyiA+Wnw=",
        "owner": "wlroots",
        "repo": "wlroots",
        "rev": "71b57b8d27e2817ebcaa6471e22251203c370554",
        "type": "gitlab"
      },
      "original": {
        "host": "gitlab.freedesktop.org",
        "owner": "wlroots",
        "repo": "wlroots",
        "type": "gitlab"
      }
    }
  },
  "root": "root",
  "version": 7
}
